// !$*UTF8*$!
{
	archiveVersion = 1;
	classes = {
	};
	objectVersion = 50;
	objects = {

/* Begin PBXBuildFile section */
		D45BC2A8242E53670058F68A /* AppDelegate.swift in Sources */ = {isa = PBXBuildFile; fileRef = D45BC2A7242E53670058F68A /* AppDelegate.swift */; };
		D45BC2AA242E53670058F68A /* SceneDelegate.swift in Sources */ = {isa = PBXBuildFile; fileRef = D45BC2A9242E53670058F68A /* SceneDelegate.swift */; };
		D45BC2AF242E53670058F68A /* Main.storyboard in Resources */ = {isa = PBXBuildFile; fileRef = D45BC2AD242E53670058F68A /* Main.storyboard */; };
		D45BC2B1242E53680058F68A /* Assets.xcassets in Resources */ = {isa = PBXBuildFile; fileRef = D45BC2B0242E53680058F68A /* Assets.xcassets */; };
		D45BC2B4242E53680058F68A /* LaunchScreen.storyboard in Resources */ = {isa = PBXBuildFile; fileRef = D45BC2B2242E53680058F68A /* LaunchScreen.storyboard */; };
		D45BC2C4242E57B40058F68A /* GKLMovie.m in Sources */ = {isa = PBXBuildFile; fileRef = D45BC2C3242E57B40058F68A /* GKLMovie.m */; };
		D45BC2C7242E6DEE0058F68A /* GKLMovieController.m in Sources */ = {isa = PBXBuildFile; fileRef = D45BC2C6242E6DEE0058F68A /* GKLMovieController.m */; };
/* End PBXBuildFile section */

/* Begin PBXFileReference section */
		D45BC2A4242E53670058F68A /* MovieAPI.Obj-C.app */ = {isa = PBXFileReference; explicitFileType = wrapper.application; includeInIndex = 0; path = "MovieAPI.Obj-C.app"; sourceTree = BUILT_PRODUCTS_DIR; };
		D45BC2A7242E53670058F68A /* AppDelegate.swift */ = {isa = PBXFileReference; lastKnownFileType = sourcecode.swift; path = AppDelegate.swift; sourceTree = "<group>"; };
		D45BC2A9242E53670058F68A /* SceneDelegate.swift */ = {isa = PBXFileReference; lastKnownFileType = sourcecode.swift; path = SceneDelegate.swift; sourceTree = "<group>"; };
		D45BC2AE242E53670058F68A /* Base */ = {isa = PBXFileReference; lastKnownFileType = file.storyboard; name = Base; path = Base.lproj/Main.storyboard; sourceTree = "<group>"; };
		D45BC2B0242E53680058F68A /* Assets.xcassets */ = {isa = PBXFileReference; lastKnownFileType = folder.assetcatalog; path = Assets.xcassets; sourceTree = "<group>"; };
		D45BC2B3242E53680058F68A /* Base */ = {isa = PBXFileReference; lastKnownFileType = file.storyboard; name = Base; path = Base.lproj/LaunchScreen.storyboard; sourceTree = "<group>"; };
		D45BC2B5242E53680058F68A /* Info.plist */ = {isa = PBXFileReference; lastKnownFileType = text.plist.xml; path = Info.plist; sourceTree = "<group>"; };
		D45BC2C1242E57B30058F68A /* MovieAPI.Obj-C-Bridging-Header.h */ = {isa = PBXFileReference; lastKnownFileType = sourcecode.c.h; path = "MovieAPI.Obj-C-Bridging-Header.h"; sourceTree = "<group>"; };
		D45BC2C2242E57B40058F68A /* GKLMovie.h */ = {isa = PBXFileReference; lastKnownFileType = sourcecode.c.h; path = GKLMovie.h; sourceTree = "<group>"; };
		D45BC2C3242E57B40058F68A /* GKLMovie.m */ = {isa = PBXFileReference; lastKnownFileType = sourcecode.c.objc; path = GKLMovie.m; sourceTree = "<group>"; };
		D45BC2C5242E6DEE0058F68A /* GKLMovieController.h */ = {isa = PBXFileReference; lastKnownFileType = sourcecode.c.h; path = GKLMovieController.h; sourceTree = "<group>"; };
		D45BC2C6242E6DEE0058F68A /* GKLMovieController.m */ = {isa = PBXFileReference; lastKnownFileType = sourcecode.c.objc; path = GKLMovieController.m; sourceTree = "<group>"; };
/* End PBXFileReference section */

/* Begin PBXFrameworksBuildPhase section */
		D45BC2A1242E53670058F68A /* Frameworks */ = {
			isa = PBXFrameworksBuildPhase;
			buildActionMask = 2147483647;
			files = (
			);
			runOnlyForDeploymentPostprocessing = 0;
		};
/* End PBXFrameworksBuildPhase section */

/* Begin PBXGroup section */
		D45BC29B242E53670058F68A = {
			isa = PBXGroup;
			children = (
				D45BC2A6242E53670058F68A /* MovieAPI.Obj-C */,
				D45BC2A5242E53670058F68A /* Products */,
			);
			sourceTree = "<group>";
		};
		D45BC2A5242E53670058F68A /* Products */ = {
			isa = PBXGroup;
			children = (
				D45BC2A4242E53670058F68A /* MovieAPI.Obj-C.app */,
			);
			name = Products;
			sourceTree = "<group>";
		};
		D45BC2A6242E53670058F68A /* MovieAPI.Obj-C */ = {
			isa = PBXGroup;
			children = (
				D45BC2BE242E57470058F68A /* UI */,
				D45BC2BC242E57330058F68A /* Models */,
				D45BC2BD242E573E0058F68A /* Controllers */,
				D45BC2BB242E53D50058F68A /* Resources */,
			);
			path = "MovieAPI.Obj-C";
			sourceTree = "<group>";
		};
		D45BC2BB242E53D50058F68A /* Resources */ = {
			isa = PBXGroup;
			children = (
				D45BC2A7242E53670058F68A /* AppDelegate.swift */,
				D45BC2A9242E53670058F68A /* SceneDelegate.swift */,
				D45BC2B0242E53680058F68A /* Assets.xcassets */,
				D45BC2B2242E53680058F68A /* LaunchScreen.storyboard */,
				D45BC2B5242E53680058F68A /* Info.plist */,
			);
			path = Resources;
			sourceTree = "<group>";
		};
		D45BC2BC242E57330058F68A /* Models */ = {
			isa = PBXGroup;
			children = (
				D45BC2C2242E57B40058F68A /* GKLMovie.h */,
				D45BC2C3242E57B40058F68A /* GKLMovie.m */,
				D45BC2C1242E57B30058F68A /* MovieAPI.Obj-C-Bridging-Header.h */,
			);
			path = Models;
			sourceTree = "<group>";
		};
		D45BC2BD242E573E0058F68A /* Controllers */ = {
			isa = PBXGroup;
			children = (
				D45BC2C0242E575C0058F68A /* View Controllers */,
				D45BC2BF242E57500058F68A /* Model Controllers */,
			);
			path = Controllers;
			sourceTree = "<group>";
		};
		D45BC2BE242E57470058F68A /* UI */ = {
			isa = PBXGroup;
			children = (
				D45BC2AD242E53670058F68A /* Main.storyboard */,
			);
			path = UI;
			sourceTree = "<group>";
		};
		D45BC2BF242E57500058F68A /* Model Controllers */ = {
			isa = PBXGroup;
			children = (
				D45BC2C5242E6DEE0058F68A /* GKLMovieController.h */,
				D45BC2C6242E6DEE0058F68A /* GKLMovieController.m */,
			);
			path = "Model Controllers";
			sourceTree = "<group>";
		};
		D45BC2C0242E575C0058F68A /* View Controllers */ = {
			isa = PBXGroup;
			children = (
			);
			path = "View Controllers";
			sourceTree = "<group>";
		};
/* End PBXGroup section */

/* Begin PBXNativeTarget section */
		D45BC2A3242E53670058F68A /* MovieAPI.Obj-C */ = {
			isa = PBXNativeTarget;
			buildConfigurationList = D45BC2B8242E53680058F68A /* Build configuration list for PBXNativeTarget "MovieAPI.Obj-C" */;
			buildPhases = (
				D45BC2A0242E53670058F68A /* Sources */,
				D45BC2A1242E53670058F68A /* Frameworks */,
				D45BC2A2242E53670058F68A /* Resources */,
			);
			buildRules = (
			);
			dependencies = (
			);
			name = "MovieAPI.Obj-C";
			productName = "MovieAPI.Obj-C";
			productReference = D45BC2A4242E53670058F68A /* MovieAPI.Obj-C.app */;
			productType = "com.apple.product-type.application";
		};
/* End PBXNativeTarget section */

/* Begin PBXProject section */
		D45BC29C242E53670058F68A /* Project object */ = {
			isa = PBXProject;
			attributes = {
				CLASSPREFIX = GKL;
				LastSwiftUpdateCheck = 1130;
				LastUpgradeCheck = 1130;
				ORGANIZATIONNAME = Turtle;
				TargetAttributes = {
					D45BC2A3242E53670058F68A = {
						CreatedOnToolsVersion = 11.3.1;
						LastSwiftMigration = 1130;
					};
				};
			};
			buildConfigurationList = D45BC29F242E53670058F68A /* Build configuration list for PBXProject "MovieAPI.Obj-C" */;
			compatibilityVersion = "Xcode 9.3";
			developmentRegion = en;
			hasScannedForEncodings = 0;
			knownRegions = (
				en,
				Base,
			);
			mainGroup = D45BC29B242E53670058F68A;
			productRefGroup = D45BC2A5242E53670058F68A /* Products */;
			projectDirPath = "";
			projectRoot = "";
			targets = (
				D45BC2A3242E53670058F68A /* MovieAPI.Obj-C */,
			);
		};
/* End PBXProject section */

/* Begin PBXResourcesBuildPhase section */
		D45BC2A2242E53670058F68A /* Resources */ = {
			isa = PBXResourcesBuildPhase;
			buildActionMask = 2147483647;
			files = (
				D45BC2B4242E53680058F68A /* LaunchScreen.storyboard in Resources */,
				D45BC2B1242E53680058F68A /* Assets.xcassets in Resources */,
				D45BC2AF242E53670058F68A /* Main.storyboard in Resources */,
			);
			runOnlyForDeploymentPostprocessing = 0;
		};
/* End PBXResourcesBuildPhase section */

/* Begin PBXSourcesBuildPhase section */
		D45BC2A0242E53670058F68A /* Sources */ = {
			isa = PBXSourcesBuildPhase;
			buildActionMask = 2147483647;
			files = (
				D45BC2C4242E57B40058F68A /* GKLMovie.m in Sources */,
				D45BC2C7242E6DEE0058F68A /* GKLMovieController.m in Sources */,
				D45BC2A8242E53670058F68A /* AppDelegate.swift in Sources */,
				D45BC2AA242E53670058F68A /* SceneDelegate.swift in Sources */,
			);
			runOnlyForDeploymentPostprocessing = 0;
		};
/* End PBXSourcesBuildPhase section */

/* Begin PBXVariantGroup section */
		D45BC2AD242E53670058F68A /* Main.storyboard */ = {
			isa = PBXVariantGroup;
			children = (
				D45BC2AE242E53670058F68A /* Base */,
			);
			name = Main.storyboard;
			sourceTree = "<group>";
		};
		D45BC2B2242E53680058F68A /* LaunchScreen.storyboard */ = {
			isa = PBXVariantGroup;
			children = (
				D45BC2B3242E53680058F68A /* Base */,
			);
			name = LaunchScreen.storyboard;
			sourceTree = "<group>";
		};
/* End PBXVariantGroup section */

/* Begin XCBuildConfiguration section */
		D45BC2B6242E53680058F68A /* Debug */ = {
			isa = XCBuildConfiguration;
			buildSettings = {
				ALWAYS_SEARCH_USER_PATHS = NO;
				CLANG_ANALYZER_NONNULL = YES;
				CLANG_ANALYZER_NUMBER_OBJECT_CONVERSION = YES_AGGRESSIVE;
				CLANG_CXX_LANGUAGE_STANDARD = "gnu++14";
				CLANG_CXX_LIBRARY = "libc++";
				CLANG_ENABLE_MODULES = YES;
				CLANG_ENABLE_OBJC_ARC = YES;
				CLANG_ENABLE_OBJC_WEAK = YES;
				CLANG_WARN_BLOCK_CAPTURE_AUTORELEASING = YES;
				CLANG_WARN_BOOL_CONVERSION = YES;
				CLANG_WARN_COMMA = YES;
				CLANG_WARN_CONSTANT_CONVERSION = YES;
				CLANG_WARN_DEPRECATED_OBJC_IMPLEMENTATIONS = YES;
				CLANG_WARN_DIRECT_OBJC_ISA_USAGE = YES_ERROR;
				CLANG_WARN_DOCUMENTATION_COMMENTS = YES;
				CLANG_WARN_EMPTY_BODY = YES;
				CLANG_WARN_ENUM_CONVERSION = YES;
				CLANG_WARN_INFINITE_RECURSION = YES;
				CLANG_WARN_INT_CONVERSION = YES;
				CLANG_WARN_NON_LITERAL_NULL_CONVERSION = YES;
				CLANG_WARN_OBJC_IMPLICIT_RETAIN_SELF = YES;
				CLANG_WARN_OBJC_LITERAL_CONVERSION = YES;
				CLANG_WARN_OBJC_ROOT_CLASS = YES_ERROR;
				CLANG_WARN_RANGE_LOOP_ANALYSIS = YES;
				CLANG_WARN_STRICT_PROTOTYPES = YES;
				CLANG_WARN_SUSPICIOUS_MOVE = YES;
				CLANG_WARN_UNGUARDED_AVAILABILITY = YES_AGGRESSIVE;
				CLANG_WARN_UNREACHABLE_CODE = YES;
				CLANG_WARN__DUPLICATE_METHOD_MATCH = YES;
				COPY_PHASE_STRIP = NO;
				DEBUG_INFORMATION_FORMAT = dwarf;
				ENABLE_STRICT_OBJC_MSGSEND = YES;
				ENABLE_TESTABILITY = YES;
				GCC_C_LANGUAGE_STANDARD = gnu11;
				GCC_DYNAMIC_NO_PIC = NO;
				GCC_NO_COMMON_BLOCKS = YES;
				GCC_OPTIMIZATION_LEVEL = 0;
				GCC_PREPROCESSOR_DEFINITIONS = (
					"DEBUG=1",
					"$(inherited)",
				);
				GCC_WARN_64_TO_32_BIT_CONVERSION = YES;
				GCC_WARN_ABOUT_RETURN_TYPE = YES_ERROR;
				GCC_WARN_UNDECLARED_SELECTOR = YES;
				GCC_WARN_UNINITIALIZED_AUTOS = YES_AGGRESSIVE;
				GCC_WARN_UNUSED_FUNCTION = YES;
				GCC_WARN_UNUSED_VARIABLE = YES;
				IPHONEOS_DEPLOYMENT_TARGET = 13.2;
				MTL_ENABLE_DEBUG_INFO = INCLUDE_SOURCE;
				MTL_FAST_MATH = YES;
				ONLY_ACTIVE_ARCH = YES;
				SDKROOT = iphoneos;
				SWIFT_ACTIVE_COMPILATION_CONDITIONS = DEBUG;
				SWIFT_OPTIMIZATION_LEVEL = "-Onone";
			};
			name = Debug;
		};
		D45BC2B7242E53680058F68A /* Release */ = {
			isa = XCBuildConfiguration;
			buildSettings = {
				ALWAYS_SEARCH_USER_PATHS = NO;
				CLANG_ANALYZER_NONNULL = YES;
				CLANG_ANALYZER_NUMBER_OBJECT_CONVERSION = YES_AGGRESSIVE;
				CLANG_CXX_LANGUAGE_STANDARD = "gnu++14";
				CLANG_CXX_LIBRARY = "libc++";
				CLANG_ENABLE_MODULES = YES;
				CLANG_ENABLE_OBJC_ARC = YES;
				CLANG_ENABLE_OBJC_WEAK = YES;
				CLANG_WARN_BLOCK_CAPTURE_AUTORELEASING = YES;
				CLANG_WARN_BOOL_CONVERSION = YES;
				CLANG_WARN_COMMA = YES;
				CLANG_WARN_CONSTANT_CONVERSION = YES;
				CLANG_WARN_DEPRECATED_OBJC_IMPLEMENTATIONS = YES;
				CLANG_WARN_DIRECT_OBJC_ISA_USAGE = YES_ERROR;
				CLANG_WARN_DOCUMENTATION_COMMENTS = YES;
				CLANG_WARN_EMPTY_BODY = YES;
				CLANG_WARN_ENUM_CONVERSION = YES;
				CLANG_WARN_INFINITE_RECURSION = YES;
				CLANG_WARN_INT_CONVERSION = YES;
				CLANG_WARN_NON_LITERAL_NULL_CONVERSION = YES;
				CLANG_WARN_OBJC_IMPLICIT_RETAIN_SELF = YES;
				CLANG_WARN_OBJC_LITERAL_CONVERSION = YES;
				CLANG_WARN_OBJC_ROOT_CLASS = YES_ERROR;
				CLANG_WARN_RANGE_LOOP_ANALYSIS = YES;
				CLANG_WARN_STRICT_PROTOTYPES = YES;
				CLANG_WARN_SUSPICIOUS_MOVE = YES;
				CLANG_WARN_UNGUARDED_AVAILABILITY = YES_AGGRESSIVE;
				CLANG_WARN_UNREACHABLE_CODE = YES;
				CLANG_WARN__DUPLICATE_METHOD_MATCH = YES;
				COPY_PHASE_STRIP = NO;
				DEBUG_INFORMATION_FORMAT = "dwarf-with-dsym";
				ENABLE_NS_ASSERTIONS = NO;
				ENABLE_STRICT_OBJC_MSGSEND = YES;
				GCC_C_LANGUAGE_STANDARD = gnu11;
				GCC_NO_COMMON_BLOCKS = YES;
				GCC_WARN_64_TO_32_BIT_CONVERSION = YES;
				GCC_WARN_ABOUT_RETURN_TYPE = YES_ERROR;
				GCC_WARN_UNDECLARED_SELECTOR = YES;
				GCC_WARN_UNINITIALIZED_AUTOS = YES_AGGRESSIVE;
				GCC_WARN_UNUSED_FUNCTION = YES;
				GCC_WARN_UNUSED_VARIABLE = YES;
				IPHONEOS_DEPLOYMENT_TARGET = 13.2;
				MTL_ENABLE_DEBUG_INFO = NO;
				MTL_FAST_MATH = YES;
				SDKROOT = iphoneos;
				SWIFT_COMPILATION_MODE = wholemodule;
				SWIFT_OPTIMIZATION_LEVEL = "-O";
				VALIDATE_PRODUCT = YES;
			};
			name = Release;
		};
		D45BC2B9242E53680058F68A /* Debug */ = {
			isa = XCBuildConfiguration;
			buildSettings = {
				ASSETCATALOG_COMPILER_APPICON_NAME = AppIcon;
				CLANG_ENABLE_MODULES = YES;
				CODE_SIGN_STYLE = Automatic;
				DEVELOPMENT_TEAM = H3N9XPK38Q;
				INFOPLIST_FILE = "MovieAPI.Obj-C/Resources/Info.plist";
				LD_RUNPATH_SEARCH_PATHS = (
					"$(inherited)",
					"@executable_path/Frameworks",
				);
				PRODUCT_BUNDLE_IDENTIFIER = "SIB.Production.MovieAPI-Obj-C";
				PRODUCT_NAME = "$(TARGET_NAME)";
				SWIFT_OBJC_BRIDGING_HEADER = "MovieAPI.Obj-C/Models/MovieAPI.Obj-C-Bridging-Header.h";
				SWIFT_OPTIMIZATION_LEVEL = "-Onone";
				SWIFT_VERSION = 5.0;
				TARGETED_DEVICE_FAMILY = "1,2";
			};
			name = Debug;
		};
		D45BC2BA242E53680058F68A /* Release */ = {
			isa = XCBuildConfiguration;
			buildSettings = {
				ASSETCATALOG_COMPILER_APPICON_NAME = AppIcon;
				CLANG_ENABLE_MODULES = YES;
				CODE_SIGN_STYLE = Automatic;
				DEVELOPMENT_TEAM = H3N9XPK38Q;
				INFOPLIST_FILE = "MovieAPI.Obj-C/Resources/Info.plist";
				LD_RUNPATH_SEARCH_PATHS = (
					"$(inherited)",
					"@executable_path/Frameworks",
				);
				PRODUCT_BUNDLE_IDENTIFIER = "SIB.Production.MovieAPI-Obj-C";
				PRODUCT_NAME = "$(TARGET_NAME)";
				SWIFT_OBJC_BRIDGING_HEADER = "MovieAPI.Obj-C/Models/MovieAPI.Obj-C-Bridging-Header.h";
				SWIFT_VERSION = 5.0;
				TARGETED_DEVICE_FAMILY = "1,2";
			};
			name = Release;
		};
/* End XCBuildConfiguration section */

/* Begin XCConfigurationList section */
		D45BC29F242E53670058F68A /* Build configuration list for PBXProject "MovieAPI.Obj-C" */ = {
			isa = XCConfigurationList;
			buildConfigurations = (
				D45BC2B6242E53680058F68A /* Debug */,
				D45BC2B7242E53680058F68A /* Release */,
			);
			defaultConfigurationIsVisible = 0;
			defaultConfigurationName = Release;
		};
		D45BC2B8242E53680058F68A /* Build configuration list for PBXNativeTarget "MovieAPI.Obj-C" */ = {
			isa = XCConfigurationList;
			buildConfigurations = (
				D45BC2B9242E53680058F68A /* Debug */,
				D45BC2BA242E53680058F68A /* Release */,
			);
			defaultConfigurationIsVisible = 0;
			defaultConfigurationName = Release;
		};
/* End XCConfigurationList section */
	};
	rootObject = D45BC29C242E53670058F68A /* Project object */;
}
